
Microsoft Visual Studio Solution File, Format Version 12.00
# Visual Studio 15
VisualStudioVersion = 15.0.28010.2026
MinimumVisualStudioVersion = 10.0.40219.1
Project("{FAE04EC0-301F-11D3-BF4B-00C04F79EFBC}") = "WebApp.DotNet46.WSFederation", "WebApp.DotNet46.WSFederation\WebApp.DotNet46.WSFederation.csproj", "{8578AF45-1F64-4AE4-818F-30EA2FFA15D6}"
EndProject
Project("{2150E333-8FDC-42A3-9474-1A3956D46DE8}") = "_README", "_README", "{FD9E9957-B1CA-49E8-90CA-F7DBD2D57E15}"
	ProjectSection(SolutionItems) = preProject
		_README\DirectoryID.PNG = _README\DirectoryID.PNG
	EndProjectSection
EndProject
Project("{FAE04EC0-301F-11D3-BF4B-00C04F79EFBC}") = "WebApp.DotNet46.OpenIDConnect", "WebApp.DotNet46.OpenIDConnect\WebApp.DotNet46.OpenIDConnect.csproj", "{5165B6E4-71C0-4137-9D04-5EBBBED6B730}"
EndProject
Project("{FAE04EC0-301F-11D3-BF4B-00C04F79EFBC}") = "WebApp.DotNet46.Saml20", "WebApp.DotNet46.Saml20\WebApp.DotNet46.Saml20.csproj", "{76AA539C-309A-452F-A237-CE2EBAF03704}"
EndProject
Project("{9A19103F-16F7-4668-BE54-9A1E7A4F7556}") = "WebApp.NETCore20.OpenIDConnect", "WebApp.NETCore20.OpenIDConnect\WebApp.NETCore20.OpenIDConnect.csproj", "{9D58226B-7F30-4DDB-8DD1-F745725E4FF4}"
EndProject
Project("{2150E333-8FDC-42A3-9474-1A3956D46DE8}") = "_SCRIPTS", "_SCRIPTS", "{B6B4AF10-6DBE-4869-91F3-FFEFF77F8834}"
	ProjectSection(SolutionItems) = preProject
		_SCRIPTS\1_CreateResourceGroup.ps1 = _SCRIPTS\1_CreateResourceGroup.ps1
		_SCRIPTS\2_CreateApplicationInsights.ps1 = _SCRIPTS\2_CreateApplicationInsights.ps1
		_SCRIPTS\3_CreateKeyVault.ps1 = _SCRIPTS\3_CreateKeyVault.ps1
		_SCRIPTS\4_CreateAzureADApplication.ps1 = _SCRIPTS\4_CreateAzureADApplication.ps1
		_SCRIPTS\5_CreateAzureServicePrincipal.ps1 = _SCRIPTS\5_CreateAzureServicePrincipal.ps1
		_SCRIPTS\6_InstallLocalHttpsCertificate.ps1 = _SCRIPTS\6_InstallLocalHttpsCertificate.ps1
		_SCRIPTS\7_InstallLocalMachineCertificate.ps1 = _SCRIPTS\7_InstallLocalMachineCertificate.ps1
		_SCRIPTS\WebApp.NETCore20.GraphAPI.ps1 = _SCRIPTS\WebApp.NETCore20.GraphAPI.ps1
	EndProjectSection
EndProject
Project("{9A19103F-16F7-4668-BE54-9A1E7A4F7556}") = "WebApp.NETCore20.GraphAPI", "WebApp.NETCore20.GraphAPI\WebApp.NETCore20.GraphAPI.csproj", "{D23342A2-8EAE-4D59-B63F-2ACDD72F0A41}"
EndProject
Project("{FAE04EC0-301F-11D3-BF4B-00C04F79EFBC}") = "WebApp.DotNet46.HybridAuth", "WebApp.DotNet46.HybridAuth\WebApp.DotNet46.HybridAuth.csproj", "{A9584566-0993-48EC-BBE8-A72698571ECE}"
EndProject
Project("{9A19103F-16F7-4668-BE54-9A1E7A4F7556}") = "WebAPI.NetCore20.OpenIDConnect", "WebAPI.NetCore20.OpenIDConnect\WebAPI.NetCore20.OpenIDConnect.csproj", "{9E5C22D8-FE63-453A-BE8F-8FB02BAEC481}"
EndProject
Project("{9A19103F-16F7-4668-BE54-9A1E7A4F7556}") = "WebSPA.ReactJS.OpenIDConnect", "WebSPA.ReactJS.OpenIDConnect\WebSPA.ReactJS.OpenIDConnect.csproj", "{E497EA36-21AD-4E4C-BF1A-96E90FB55356}"
EndProject
Project("{9A19103F-16F7-4668-BE54-9A1E7A4F7556}") = "MiddleTier.NetCore20.OnBehalfOf", "MiddleTier.NetCore20.OnBehalfOf\MiddleTier.NetCore20.OnBehalfOf.csproj", "{CFDCFA86-7A9E-4A19-8510-85F785F32CD1}"
EndProject
Project("{9A19103F-16F7-4668-BE54-9A1E7A4F7556}") = "MvcSPA.NetCoreReact.OnBehalfClient", "MvcSPA.NetCoreReact.OnBehalfClient\MvcSPA.NetCoreReact.OnBehalfClient.csproj", "{A9395CF2-83EB-43CD-8121-AD9425000EB6}"
EndProject
Project("{FAE04EC0-301F-11D3-BF4B-00C04F79EFBC}") = "DesktopApp.WinForms.OpenIDConnect", "DesktopApp.WinForms.OpenIDConnect\DesktopApp.WinForms.OpenIDConnect.csproj", "{CDD2917C-3C1D-4362-A803-0BE4A4F81794}"
EndProject
Global
	GlobalSection(SolutionConfigurationPlatforms) = preSolution
		Debug|Any CPU = Debug|Any CPU
		Debug|ARM = Debug|ARM
		Debug|x64 = Debug|x64
		Debug|x86 = Debug|x86
		Release|Any CPU = Release|Any CPU
		Release|ARM = Release|ARM
		Release|x64 = Release|x64
		Release|x86 = Release|x86
	EndGlobalSection
	GlobalSection(ProjectConfigurationPlatforms) = postSolution
		{8578AF45-1F64-4AE4-818F-30EA2FFA15D6}.Debug|Any CPU.ActiveCfg = Debug|Any CPU
		{8578AF45-1F64-4AE4-818F-30EA2FFA15D6}.Debug|Any CPU.Build.0 = Debug|Any CPU
		{8578AF45-1F64-4AE4-818F-30EA2FFA15D6}.Debug|ARM.ActiveCfg = Debug|Any CPU
		{8578AF45-1F64-4AE4-818F-30EA2FFA15D6}.Debug|ARM.Build.0 = Debug|Any CPU
		{8578AF45-1F64-4AE4-818F-30EA2FFA15D6}.Debug|x64.ActiveCfg = Debug|Any CPU
		{8578AF45-1F64-4AE4-818F-30EA2FFA15D6}.Debug|x64.Build.0 = Debug|Any CPU
		{8578AF45-1F64-4AE4-818F-30EA2FFA15D6}.Debug|x86.ActiveCfg = Debug|Any CPU
		{8578AF45-1F64-4AE4-818F-30EA2FFA15D6}.Debug|x86.Build.0 = Debug|Any CPU
		{8578AF45-1F64-4AE4-818F-30EA2FFA15D6}.Release|Any CPU.ActiveCfg = Release|Any CPU
		{8578AF45-1F64-4AE4-818F-30EA2FFA15D6}.Release|Any CPU.Build.0 = Release|Any CPU
		{8578AF45-1F64-4AE4-818F-30EA2FFA15D6}.Release|ARM.ActiveCfg = Release|Any CPU
		{8578AF45-1F64-4AE4-818F-30EA2FFA15D6}.Release|ARM.Build.0 = Release|Any CPU
		{8578AF45-1F64-4AE4-818F-30EA2FFA15D6}.Release|x64.ActiveCfg = Release|Any CPU
		{8578AF45-1F64-4AE4-818F-30EA2FFA15D6}.Release|x64.Build.0 = Release|Any CPU
		{8578AF45-1F64-4AE4-818F-30EA2FFA15D6}.Release|x86.ActiveCfg = Release|Any CPU
		{8578AF45-1F64-4AE4-818F-30EA2FFA15D6}.Release|x86.Build.0 = Release|Any CPU
		{5165B6E4-71C0-4137-9D04-5EBBBED6B730}.Debug|Any CPU.ActiveCfg = Debug|Any CPU
		{5165B6E4-71C0-4137-9D04-5EBBBED6B730}.Debug|Any CPU.Build.0 = Debug|Any CPU
		{5165B6E4-71C0-4137-9D04-5EBBBED6B730}.Debug|ARM.ActiveCfg = Debug|Any CPU
		{5165B6E4-71C0-4137-9D04-5EBBBED6B730}.Debug|ARM.Build.0 = Debug|Any CPU
		{5165B6E4-71C0-4137-9D04-5EBBBED6B730}.Debug|x64.ActiveCfg = Debug|Any CPU
		{5165B6E4-71C0-4137-9D04-5EBBBED6B730}.Debug|x64.Build.0 = Debug|Any CPU
		{5165B6E4-71C0-4137-9D04-5EBBBED6B730}.Debug|x86.ActiveCfg = Debug|Any CPU
		{5165B6E4-71C0-4137-9D04-5EBBBED6B730}.Debug|x86.Build.0 = Debug|Any CPU
		{5165B6E4-71C0-4137-9D04-5EBBBED6B730}.Release|Any CPU.ActiveCfg = Release|Any CPU
		{5165B6E4-71C0-4137-9D04-5EBBBED6B730}.Release|Any CPU.Build.0 = Release|Any CPU
		{5165B6E4-71C0-4137-9D04-5EBBBED6B730}.Release|ARM.ActiveCfg = Release|Any CPU
		{5165B6E4-71C0-4137-9D04-5EBBBED6B730}.Release|ARM.Build.0 = Release|Any CPU
		{5165B6E4-71C0-4137-9D04-5EBBBED6B730}.Release|x64.ActiveCfg = Release|Any CPU
		{5165B6E4-71C0-4137-9D04-5EBBBED6B730}.Release|x64.Build.0 = Release|Any CPU
		{5165B6E4-71C0-4137-9D04-5EBBBED6B730}.Release|x86.ActiveCfg = Release|Any CPU
		{5165B6E4-71C0-4137-9D04-5EBBBED6B730}.Release|x86.Build.0 = Release|Any CPU
		{76AA539C-309A-452F-A237-CE2EBAF03704}.Debug|Any CPU.ActiveCfg = Debug|Any CPU
		{76AA539C-309A-452F-A237-CE2EBAF03704}.Debug|Any CPU.Build.0 = Debug|Any CPU
		{76AA539C-309A-452F-A237-CE2EBAF03704}.Debug|ARM.ActiveCfg = Debug|Any CPU
		{76AA539C-309A-452F-A237-CE2EBAF03704}.Debug|ARM.Build.0 = Debug|Any CPU
		{76AA539C-309A-452F-A237-CE2EBAF03704}.Debug|x64.ActiveCfg = Debug|Any CPU
		{76AA539C-309A-452F-A237-CE2EBAF03704}.Debug|x64.Build.0 = Debug|Any CPU
		{76AA539C-309A-452F-A237-CE2EBAF03704}.Debug|x86.ActiveCfg = Debug|Any CPU
		{76AA539C-309A-452F-A237-CE2EBAF03704}.Debug|x86.Build.0 = Debug|Any CPU
		{76AA539C-309A-452F-A237-CE2EBAF03704}.Release|Any CPU.ActiveCfg = Release|Any CPU
		{76AA539C-309A-452F-A237-CE2EBAF03704}.Release|Any CPU.Build.0 = Release|Any CPU
		{76AA539C-309A-452F-A237-CE2EBAF03704}.Release|ARM.ActiveCfg = Release|Any CPU
		{76AA539C-309A-452F-A237-CE2EBAF03704}.Release|ARM.Build.0 = Release|Any CPU
		{76AA539C-309A-452F-A237-CE2EBAF03704}.Release|x64.ActiveCfg = Release|Any CPU
		{76AA539C-309A-452F-A237-CE2EBAF03704}.Release|x64.Build.0 = Release|Any CPU
		{76AA539C-309A-452F-A237-CE2EBAF03704}.Release|x86.ActiveCfg = Release|Any CPU
		{76AA539C-309A-452F-A237-CE2EBAF03704}.Release|x86.Build.0 = Release|Any CPU
		{9D58226B-7F30-4DDB-8DD1-F745725E4FF4}.Debug|Any CPU.ActiveCfg = Debug|Any CPU
		{9D58226B-7F30-4DDB-8DD1-F745725E4FF4}.Debug|Any CPU.Build.0 = Debug|Any CPU
		{9D58226B-7F30-4DDB-8DD1-F745725E4FF4}.Debug|ARM.ActiveCfg = Debug|Any CPU
		{9D58226B-7F30-4DDB-8DD1-F745725E4FF4}.Debug|ARM.Build.0 = Debug|Any CPU
		{9D58226B-7F30-4DDB-8DD1-F745725E4FF4}.Debug|x64.ActiveCfg = Debug|Any CPU
		{9D58226B-7F30-4DDB-8DD1-F745725E4FF4}.Debug|x64.Build.0 = Debug|Any CPU
		{9D58226B-7F30-4DDB-8DD1-F745725E4FF4}.Debug|x86.ActiveCfg = Debug|Any CPU
		{9D58226B-7F30-4DDB-8DD1-F745725E4FF4}.Debug|x86.Build.0 = Debug|Any CPU
		{9D58226B-7F30-4DDB-8DD1-F745725E4FF4}.Release|Any CPU.ActiveCfg = Release|Any CPU
		{9D58226B-7F30-4DDB-8DD1-F745725E4FF4}.Release|Any CPU.Build.0 = Release|Any CPU
		{9D58226B-7F30-4DDB-8DD1-F745725E4FF4}.Release|ARM.ActiveCfg = Release|Any CPU
		{9D58226B-7F30-4DDB-8DD1-F745725E4FF4}.Release|ARM.Build.0 = Release|Any CPU
		{9D58226B-7F30-4DDB-8DD1-F745725E4FF4}.Release|x64.ActiveCfg = Release|Any CPU
		{9D58226B-7F30-4DDB-8DD1-F745725E4FF4}.Release|x64.Build.0 = Release|Any CPU
		{9D58226B-7F30-4DDB-8DD1-F745725E4FF4}.Release|x86.ActiveCfg = Release|Any CPU
		{9D58226B-7F30-4DDB-8DD1-F745725E4FF4}.Release|x86.Build.0 = Release|Any CPU
		{D23342A2-8EAE-4D59-B63F-2ACDD72F0A41}.Debug|Any CPU.ActiveCfg = Debug|Any CPU
		{D23342A2-8EAE-4D59-B63F-2ACDD72F0A41}.Debug|Any CPU.Build.0 = Debug|Any CPU
		{D23342A2-8EAE-4D59-B63F-2ACDD72F0A41}.Debug|ARM.ActiveCfg = Debug|Any CPU
		{D23342A2-8EAE-4D59-B63F-2ACDD72F0A41}.Debug|ARM.Build.0 = Debug|Any CPU
		{D23342A2-8EAE-4D59-B63F-2ACDD72F0A41}.Debug|x64.ActiveCfg = Debug|Any CPU
		{D23342A2-8EAE-4D59-B63F-2ACDD72F0A41}.Debug|x64.Build.0 = Debug|Any CPU
		{D23342A2-8EAE-4D59-B63F-2ACDD72F0A41}.Debug|x86.ActiveCfg = Debug|Any CPU
		{D23342A2-8EAE-4D59-B63F-2ACDD72F0A41}.Debug|x86.Build.0 = Debug|Any CPU
		{D23342A2-8EAE-4D59-B63F-2ACDD72F0A41}.Release|Any CPU.ActiveCfg = Release|Any CPU
		{D23342A2-8EAE-4D59-B63F-2ACDD72F0A41}.Release|Any CPU.Build.0 = Release|Any CPU
		{D23342A2-8EAE-4D59-B63F-2ACDD72F0A41}.Release|ARM.ActiveCfg = Release|Any CPU
		{D23342A2-8EAE-4D59-B63F-2ACDD72F0A41}.Release|ARM.Build.0 = Release|Any CPU
		{D23342A2-8EAE-4D59-B63F-2ACDD72F0A41}.Release|x64.ActiveCfg = Release|Any CPU
		{D23342A2-8EAE-4D59-B63F-2ACDD72F0A41}.Release|x64.Build.0 = Release|Any CPU
		{D23342A2-8EAE-4D59-B63F-2ACDD72F0A41}.Release|x86.ActiveCfg = Release|Any CPU
		{D23342A2-8EAE-4D59-B63F-2ACDD72F0A41}.Release|x86.Build.0 = Release|Any CPU
		{A9584566-0993-48EC-BBE8-A72698571ECE}.Debug|Any CPU.ActiveCfg = Debug|Any CPU
		{A9584566-0993-48EC-BBE8-A72698571ECE}.Debug|Any CPU.Build.0 = Debug|Any CPU
		{A9584566-0993-48EC-BBE8-A72698571ECE}.Debug|ARM.ActiveCfg = Debug|Any CPU
		{A9584566-0993-48EC-BBE8-A72698571ECE}.Debug|ARM.Build.0 = Debug|Any CPU
		{A9584566-0993-48EC-BBE8-A72698571ECE}.Debug|x64.ActiveCfg = Debug|Any CPU
		{A9584566-0993-48EC-BBE8-A72698571ECE}.Debug|x64.Build.0 = Debug|Any CPU
		{A9584566-0993-48EC-BBE8-A72698571ECE}.Debug|x86.ActiveCfg = Debug|Any CPU
		{A9584566-0993-48EC-BBE8-A72698571ECE}.Debug|x86.Build.0 = Debug|Any CPU
		{A9584566-0993-48EC-BBE8-A72698571ECE}.Release|Any CPU.ActiveCfg = Release|Any CPU
		{A9584566-0993-48EC-BBE8-A72698571ECE}.Release|Any CPU.Build.0 = Release|Any CPU
		{A9584566-0993-48EC-BBE8-A72698571ECE}.Release|ARM.ActiveCfg = Release|Any CPU
		{A9584566-0993-48EC-BBE8-A72698571ECE}.Release|ARM.Build.0 = Release|Any CPU
		{A9584566-0993-48EC-BBE8-A72698571ECE}.Release|x64.ActiveCfg = Release|Any CPU
		{A9584566-0993-48EC-BBE8-A72698571ECE}.Release|x64.Build.0 = Release|Any CPU
		{A9584566-0993-48EC-BBE8-A72698571ECE}.Release|x86.ActiveCfg = Release|Any CPU
		{A9584566-0993-48EC-BBE8-A72698571ECE}.Release|x86.Build.0 = Release|Any CPU
		{9E5C22D8-FE63-453A-BE8F-8FB02BAEC481}.Debug|Any CPU.ActiveCfg = Debug|Any CPU
		{9E5C22D8-FE63-453A-BE8F-8FB02BAEC481}.Debug|Any CPU.Build.0 = Debug|Any CPU
		{9E5C22D8-FE63-453A-BE8F-8FB02BAEC481}.Debug|ARM.ActiveCfg = Debug|Any CPU
		{9E5C22D8-FE63-453A-BE8F-8FB02BAEC481}.Debug|ARM.Build.0 = Debug|Any CPU
		{9E5C22D8-FE63-453A-BE8F-8FB02BAEC481}.Debug|x64.ActiveCfg = Debug|Any CPU
		{9E5C22D8-FE63-453A-BE8F-8FB02BAEC481}.Debug|x64.Build.0 = Debug|Any CPU
		{9E5C22D8-FE63-453A-BE8F-8FB02BAEC481}.Debug|x86.ActiveCfg = Debug|Any CPU
		{9E5C22D8-FE63-453A-BE8F-8FB02BAEC481}.Debug|x86.Build.0 = Debug|Any CPU
		{9E5C22D8-FE63-453A-BE8F-8FB02BAEC481}.Release|Any CPU.ActiveCfg = Release|Any CPU
		{9E5C22D8-FE63-453A-BE8F-8FB02BAEC481}.Release|Any CPU.Build.0 = Release|Any CPU
		{9E5C22D8-FE63-453A-BE8F-8FB02BAEC481}.Release|ARM.ActiveCfg = Release|Any CPU
		{9E5C22D8-FE63-453A-BE8F-8FB02BAEC481}.Release|ARM.Build.0 = Release|Any CPU
		{9E5C22D8-FE63-453A-BE8F-8FB02BAEC481}.Release|x64.ActiveCfg = Release|Any CPU
		{9E5C22D8-FE63-453A-BE8F-8FB02BAEC481}.Release|x64.Build.0 = Release|Any CPU
		{9E5C22D8-FE63-453A-BE8F-8FB02BAEC481}.Release|x86.ActiveCfg = Release|Any CPU
		{9E5C22D8-FE63-453A-BE8F-8FB02BAEC481}.Release|x86.Build.0 = Release|Any CPU
		{E497EA36-21AD-4E4C-BF1A-96E90FB55356}.Debug|Any CPU.ActiveCfg = Debug|Any CPU
		{E497EA36-21AD-4E4C-BF1A-96E90FB55356}.Debug|Any CPU.Build.0 = Debug|Any CPU
		{E497EA36-21AD-4E4C-BF1A-96E90FB55356}.Debug|ARM.ActiveCfg = Debug|Any CPU
		{E497EA36-21AD-4E4C-BF1A-96E90FB55356}.Debug|ARM.Build.0 = Debug|Any CPU
		{E497EA36-21AD-4E4C-BF1A-96E90FB55356}.Debug|x64.ActiveCfg = Debug|Any CPU
		{E497EA36-21AD-4E4C-BF1A-96E90FB55356}.Debug|x64.Build.0 = Debug|Any CPU
		{E497EA36-21AD-4E4C-BF1A-96E90FB55356}.Debug|x86.ActiveCfg = Debug|Any CPU
		{E497EA36-21AD-4E4C-BF1A-96E90FB55356}.Debug|x86.Build.0 = Debug|Any CPU
		{E497EA36-21AD-4E4C-BF1A-96E90FB55356}.Release|Any CPU.ActiveCfg = Release|Any CPU
		{E497EA36-21AD-4E4C-BF1A-96E90FB55356}.Release|Any CPU.Build.0 = Release|Any CPU
		{E497EA36-21AD-4E4C-BF1A-96E90FB55356}.Release|ARM.ActiveCfg = Release|Any CPU
		{E497EA36-21AD-4E4C-BF1A-96E90FB55356}.Release|ARM.Build.0 = Release|Any CPU
		{E497EA36-21AD-4E4C-BF1A-96E90FB55356}.Release|x64.ActiveCfg = Release|Any CPU
		{E497EA36-21AD-4E4C-BF1A-96E90FB55356}.Release|x64.Build.0 = Release|Any CPU
		{E497EA36-21AD-4E4C-BF1A-96E90FB55356}.Release|x86.ActiveCfg = Release|Any CPU
		{E497EA36-21AD-4E4C-BF1A-96E90FB55356}.Release|x86.Build.0 = Release|Any CPU
		{CFDCFA86-7A9E-4A19-8510-85F785F32CD1}.Debug|Any CPU.ActiveCfg = Debug|Any CPU
		{CFDCFA86-7A9E-4A19-8510-85F785F32CD1}.Debug|Any CPU.Build.0 = Debug|Any CPU
		{CFDCFA86-7A9E-4A19-8510-85F785F32CD1}.Debug|ARM.ActiveCfg = Debug|Any CPU
		{CFDCFA86-7A9E-4A19-8510-85F785F32CD1}.Debug|ARM.Build.0 = Debug|Any CPU
		{CFDCFA86-7A9E-4A19-8510-85F785F32CD1}.Debug|x64.ActiveCfg = Debug|Any CPU
		{CFDCFA86-7A9E-4A19-8510-85F785F32CD1}.Debug|x64.Build.0 = Debug|Any CPU
		{CFDCFA86-7A9E-4A19-8510-85F785F32CD1}.Debug|x86.ActiveCfg = Debug|Any CPU
		{CFDCFA86-7A9E-4A19-8510-85F785F32CD1}.Debug|x86.Build.0 = Debug|Any CPU
		{CFDCFA86-7A9E-4A19-8510-85F785F32CD1}.Release|Any CPU.ActiveCfg = Release|Any CPU
		{CFDCFA86-7A9E-4A19-8510-85F785F32CD1}.Release|Any CPU.Build.0 = Release|Any CPU
		{CFDCFA86-7A9E-4A19-8510-85F785F32CD1}.Release|ARM.ActiveCfg = Release|Any CPU
		{CFDCFA86-7A9E-4A19-8510-85F785F32CD1}.Release|ARM.Build.0 = Release|Any CPU
		{CFDCFA86-7A9E-4A19-8510-85F785F32CD1}.Release|x64.ActiveCfg = Release|Any CPU
		{CFDCFA86-7A9E-4A19-8510-85F785F32CD1}.Release|x64.Build.0 = Release|Any CPU
		{CFDCFA86-7A9E-4A19-8510-85F785F32CD1}.Release|x86.ActiveCfg = Release|Any CPU
		{CFDCFA86-7A9E-4A19-8510-85F785F32CD1}.Release|x86.Build.0 = Release|Any CPU
		{A9395CF2-83EB-43CD-8121-AD9425000EB6}.Debug|Any CPU.ActiveCfg = Debug|Any CPU
		{A9395CF2-83EB-43CD-8121-AD9425000EB6}.Debug|Any CPU.Build.0 = Debug|Any CPU
		{A9395CF2-83EB-43CD-8121-AD9425000EB6}.Debug|ARM.ActiveCfg = Debug|Any CPU
		{A9395CF2-83EB-43CD-8121-AD9425000EB6}.Debug|ARM.Build.0 = Debug|Any CPU
		{A9395CF2-83EB-43CD-8121-AD9425000EB6}.Debug|x64.ActiveCfg = Debug|Any CPU
		{A9395CF2-83EB-43CD-8121-AD9425000EB6}.Debug|x64.Build.0 = Debug|Any CPU
		{A9395CF2-83EB-43CD-8121-AD9425000EB6}.Debug|x86.ActiveCfg = Debug|Any CPU
		{A9395CF2-83EB-43CD-8121-AD9425000EB6}.Debug|x86.Build.0 = Debug|Any CPU
		{A9395CF2-83EB-43CD-8121-AD9425000EB6}.Release|Any CPU.ActiveCfg = Release|Any CPU
		{A9395CF2-83EB-43CD-8121-AD9425000EB6}.Release|Any CPU.Build.0 = Release|Any CPU
		{A9395CF2-83EB-43CD-8121-AD9425000EB6}.Release|ARM.ActiveCfg = Release|Any CPU
		{A9395CF2-83EB-43CD-8121-AD9425000EB6}.Release|ARM.Build.0 = Release|Any CPU
		{A9395CF2-83EB-43CD-8121-AD9425000EB6}.Release|x64.ActiveCfg = Release|Any CPU
		{A9395CF2-83EB-43CD-8121-AD9425000EB6}.Release|x64.Build.0 = Release|Any CPU
		{A9395CF2-83EB-43CD-8121-AD9425000EB6}.Release|x86.ActiveCfg = Release|Any CPU
		{A9395CF2-83EB-43CD-8121-AD9425000EB6}.Release|x86.Build.0 = Release|Any CPU
		{CDD2917C-3C1D-4362-A803-0BE4A4F81794}.Debug|Any CPU.ActiveCfg = Debug|Any CPU
		{CDD2917C-3C1D-4362-A803-0BE4A4F81794}.Debug|Any CPU.Build.0 = Debug|Any CPU
		{CDD2917C-3C1D-4362-A803-0BE4A4F81794}.Debug|ARM.ActiveCfg = Debug|Any CPU
		{CDD2917C-3C1D-4362-A803-0BE4A4F81794}.Debug|ARM.Build.0 = Debug|Any CPU
		{CDD2917C-3C1D-4362-A803-0BE4A4F81794}.Debug|x64.ActiveCfg = Debug|Any CPU
		{CDD2917C-3C1D-4362-A803-0BE4A4F81794}.Debug|x64.Build.0 = Debug|Any CPU
		{CDD2917C-3C1D-4362-A803-0BE4A4F81794}.Debug|x86.ActiveCfg = Debug|Any CPU
		{CDD2917C-3C1D-4362-A803-0BE4A4F81794}.Debug|x86.Build.0 = Debug|Any CPU
		{CDD2917C-3C1D-4362-A803-0BE4A4F81794}.Release|Any CPU.ActiveCfg = Release|Any CPU
		{CDD2917C-3C1D-4362-A803-0BE4A4F81794}.Release|Any CPU.Build.0 = Release|Any CPU
		{CDD2917C-3C1D-4362-A803-0BE4A4F81794}.Release|ARM.ActiveCfg = Release|Any CPU
		{CDD2917C-3C1D-4362-A803-0BE4A4F81794}.Release|ARM.Build.0 = Release|Any CPU
		{CDD2917C-3C1D-4362-A803-0BE4A4F81794}.Release|x64.ActiveCfg = Release|Any CPU
		{CDD2917C-3C1D-4362-A803-0BE4A4F81794}.Release|x64.Build.0 = Release|Any CPU
		{CDD2917C-3C1D-4362-A803-0BE4A4F81794}.Release|x86.ActiveCfg = Release|Any CPU
		{CDD2917C-3C1D-4362-A803-0BE4A4F81794}.Release|x86.Build.0 = Release|Any CPU
	EndGlobalSection
	GlobalSection(SolutionProperties) = preSolution
		HideSolutionNode = FALSE
	EndGlobalSection
	GlobalSection(ExtensibilityGlobals) = postSolution
		SolutionGuid = {ED56C2A2-A440-479A-93B3-F981CBE73CC1}
	EndGlobalSection
EndGlobal
